
Microsoft Visual Studio Solution File, Format Version 12.00
# Visual Studio Version 16
VisualStudioVersion = 16.0.30804.86
MinimumVisualStudioVersion = 10.0.40219.1
Project("{9A19103F-16F7-4668-BE54-9A1E7A4F7556}") = "_build", "build\_build.csproj", "{C2642139-8161-4BCE-A199-1C64A2E73659}"
EndProject
Project("{2150E333-8FDC-42A3-9474-1A3956D46DE8}") = "Build", "Build", "{6ECC2C8B-136B-4DE2-BCF5-763A981C0B68}"
EndProject
Project("{2150E333-8FDC-42A3-9474-1A3956D46DE8}") = "Extensions", "Extensions", "{E179BA3C-A109-4CEF-8DB2-FD3BAB33E3AC}"
EndProject
Project("{9A19103F-16F7-4668-BE54-9A1E7A4F7556}") = "CoreExtensions", "src\CoreExtensions\CoreExtensions.csproj", "{2DC49EDC-EB5F-493A-AFA2-B3883DD63CA6}"
EndProject
Project("{2150E333-8FDC-42A3-9474-1A3956D46DE8}") = "Samples", "Samples", "{2B90FFB2-749D-4933-BF75-ABC33D08C250}"
EndProject
Project("{FAE04EC0-301F-11D3-BF4B-00C04F79EFBC}") = "YAEP.Tests", "tests\YAEP.Tests\YAEP.Tests.csproj", "{53F21468-50BC-40E9-A0EF-5BEF9C21400B}"
EndProject
Global
	GlobalSection(SolutionConfigurationPlatforms) = preSolution
		Debug|Any CPU = Debug|Any CPU
		Release|Any CPU = Release|Any CPU
	EndGlobalSection
	GlobalSection(ProjectConfigurationPlatforms) = postSolution
		{C2642139-8161-4BCE-A199-1C64A2E73659}.Debug|Any CPU.ActiveCfg = Debug|Any CPU
		{C2642139-8161-4BCE-A199-1C64A2E73659}.Release|Any CPU.ActiveCfg = Release|Any CPU
		{2DC49EDC-EB5F-493A-AFA2-B3883DD63CA6}.Debug|Any CPU.ActiveCfg = Debug|Any CPU
		{2DC49EDC-EB5F-493A-AFA2-B3883DD63CA6}.Debug|Any CPU.Build.0 = Debug|Any CPU
		{2DC49EDC-EB5F-493A-AFA2-B3883DD63CA6}.Release|Any CPU.ActiveCfg = Release|Any CPU
		{2DC49EDC-EB5F-493A-AFA2-B3883DD63CA6}.Release|Any CPU.Build.0 = Release|Any CPU
		{53F21468-50BC-40E9-A0EF-5BEF9C21400B}.Debug|Any CPU.ActiveCfg = Debug|Any CPU
		{53F21468-50BC-40E9-A0EF-5BEF9C21400B}.Debug|Any CPU.Build.0 = Debug|Any CPU
		{53F21468-50BC-40E9-A0EF-5BEF9C21400B}.Release|Any CPU.ActiveCfg = Release|Any CPU
		{53F21468-50BC-40E9-A0EF-5BEF9C21400B}.Release|Any CPU.Build.0 = Release|Any CPU
	EndGlobalSection
	GlobalSection(SolutionProperties) = preSolution
		HideSolutionNode = FALSE
	EndGlobalSection
	GlobalSection(NestedProjects) = preSolution
		{C2642139-8161-4BCE-A199-1C64A2E73659} = {6ECC2C8B-136B-4DE2-BCF5-763A981C0B68}
		{2DC49EDC-EB5F-493A-AFA2-B3883DD63CA6} = {E179BA3C-A109-4CEF-8DB2-FD3BAB33E3AC}
	EndGlobalSection
	GlobalSection(ExtensibilityGlobals) = postSolution
		SolutionGuid = {0AB04497-D73D-4D2F-AA14-1512C6118BEC}
	EndGlobalSection
EndGlobal
